// !$*UTF8*$!
{
	archiveVersion = 1;
	classes = {
	};
	objectVersion = 46;
	objects = {

/* Begin PBXBuildFile section */
		462E57371E37955B00A79659 /* AppDelegate.swift in Sources */ = {isa = PBXBuildFile; fileRef = 462E57361E37955B00A79659 /* AppDelegate.swift */; };
		462E57391E37955B00A79659 /* ViewController.swift in Sources */ = {isa = PBXBuildFile; fileRef = 462E57381E37955B00A79659 /* ViewController.swift */; };
		462E573C1E37955B00A79659 /* Main.storyboard in Resources */ = {isa = PBXBuildFile; fileRef = 462E573A1E37955B00A79659 /* Main.storyboard */; };
		462E573F1E37955B00A79659 /* DreamLister.xcdatamodeld in Sources */ = {isa = PBXBuildFile; fileRef = 462E573D1E37955B00A79659 /* DreamLister.xcdatamodeld */; };
		462E57411E37955B00A79659 /* Assets.xcassets in Resources */ = {isa = PBXBuildFile; fileRef = 462E57401E37955B00A79659 /* Assets.xcassets */; };
		462E57441E37955B00A79659 /* LaunchScreen.storyboard in Resources */ = {isa = PBXBuildFile; fileRef = 462E57421E37955B00A79659 /* LaunchScreen.storyboard */; };
		462E57751E379CF900A79659 /* ItemType+CoreDataClass.swift in Sources */ = {isa = PBXBuildFile; fileRef = 462E576D1E379CF900A79659 /* ItemType+CoreDataClass.swift */; };
		462E57761E379CF900A79659 /* ItemType+CoreDataProperties.swift in Sources */ = {isa = PBXBuildFile; fileRef = 462E576E1E379CF900A79659 /* ItemType+CoreDataProperties.swift */; };
		462E57771E379CF900A79659 /* Image+CoreDataClass.swift in Sources */ = {isa = PBXBuildFile; fileRef = 462E576F1E379CF900A79659 /* Image+CoreDataClass.swift */; };
		462E57781E379CF900A79659 /* Image+CoreDataProperties.swift in Sources */ = {isa = PBXBuildFile; fileRef = 462E57701E379CF900A79659 /* Image+CoreDataProperties.swift */; };
		462E57791E379CF900A79659 /* Store+CoreDataClass.swift in Sources */ = {isa = PBXBuildFile; fileRef = 462E57711E379CF900A79659 /* Store+CoreDataClass.swift */; };
		462E577A1E379CF900A79659 /* Store+CoreDataProperties.swift in Sources */ = {isa = PBXBuildFile; fileRef = 462E57721E379CF900A79659 /* Store+CoreDataProperties.swift */; };
		462E577B1E379CF900A79659 /* Item+CoreDataClass.swift in Sources */ = {isa = PBXBuildFile; fileRef = 462E57731E379CF900A79659 /* Item+CoreDataClass.swift */; };
		462E577C1E379CF900A79659 /* Item+CoreDataProperties.swift in Sources */ = {isa = PBXBuildFile; fileRef = 462E57741E379CF900A79659 /* Item+CoreDataProperties.swift */; };
/* End PBXBuildFile section */

/* Begin PBXFileReference section */
		462E57331E37955A00A79659 /* DreamLister.app */ = {isa = PBXFileReference; explicitFileType = wrapper.application; includeInIndex = 0; path = DreamLister.app; sourceTree = BUILT_PRODUCTS_DIR; };
		462E57361E37955B00A79659 /* AppDelegate.swift */ = {isa = PBXFileReference; lastKnownFileType = sourcecode.swift; path = AppDelegate.swift; sourceTree = "<group>"; };
		462E57381E37955B00A79659 /* ViewController.swift */ = {isa = PBXFileReference; lastKnownFileType = sourcecode.swift; path = ViewController.swift; sourceTree = "<group>"; };
		462E573B1E37955B00A79659 /* Base */ = {isa = PBXFileReference; lastKnownFileType = file.storyboard; name = Base; path = Base.lproj/Main.storyboard; sourceTree = "<group>"; };
		462E573E1E37955B00A79659 /* DreamLister.xcdatamodel */ = {isa = PBXFileReference; lastKnownFileType = wrapper.xcdatamodel; path = DreamLister.xcdatamodel; sourceTree = "<group>"; };
		462E57401E37955B00A79659 /* Assets.xcassets */ = {isa = PBXFileReference; lastKnownFileType = folder.assetcatalog; path = Assets.xcassets; sourceTree = "<group>"; };
		462E57431E37955B00A79659 /* Base */ = {isa = PBXFileReference; lastKnownFileType = file.storyboard; name = Base; path = Base.lproj/LaunchScreen.storyboard; sourceTree = "<group>"; };
		462E57451E37955B00A79659 /* Info.plist */ = {isa = PBXFileReference; lastKnownFileType = text.plist.xml; path = Info.plist; sourceTree = "<group>"; };
		462E576D1E379CF900A79659 /* ItemType+CoreDataClass.swift */ = {isa = PBXFileReference; fileEncoding = 4; lastKnownFileType = sourcecode.swift; path = "ItemType+CoreDataClass.swift"; sourceTree = "<group>"; };
		462E576E1E379CF900A79659 /* ItemType+CoreDataProperties.swift */ = {isa = PBXFileReference; fileEncoding = 4; lastKnownFileType = sourcecode.swift; path = "ItemType+CoreDataProperties.swift"; sourceTree = "<group>"; };
		462E576F1E379CF900A79659 /* Image+CoreDataClass.swift */ = {isa = PBXFileReference; fileEncoding = 4; lastKnownFileType = sourcecode.swift; path = "Image+CoreDataClass.swift"; sourceTree = "<group>"; };
		462E57701E379CF900A79659 /* Image+CoreDataProperties.swift */ = {isa = PBXFileReference; fileEncoding = 4; lastKnownFileType = sourcecode.swift; path = "Image+CoreDataProperties.swift"; sourceTree = "<group>"; };
		462E57711E379CF900A79659 /* Store+CoreDataClass.swift */ = {isa = PBXFileReference; fileEncoding = 4; lastKnownFileType = sourcecode.swift; path = "Store+CoreDataClass.swift"; sourceTree = "<group>"; };
		462E57721E379CF900A79659 /* Store+CoreDataProperties.swift */ = {isa = PBXFileReference; fileEncoding = 4; lastKnownFileType = sourcecode.swift; path = "Store+CoreDataProperties.swift"; sourceTree = "<group>"; };
		462E57731E379CF900A79659 /* Item+CoreDataClass.swift */ = {isa = PBXFileReference; fileEncoding = 4; lastKnownFileType = sourcecode.swift; path = "Item+CoreDataClass.swift"; sourceTree = "<group>"; };
		462E57741E379CF900A79659 /* Item+CoreDataProperties.swift */ = {isa = PBXFileReference; fileEncoding = 4; lastKnownFileType = sourcecode.swift; path = "Item+CoreDataProperties.swift"; sourceTree = "<group>"; };
/* End PBXFileReference section */

/* Begin PBXFrameworksBuildPhase section */
		462E57301E37955A00A79659 /* Frameworks */ = {
			isa = PBXFrameworksBuildPhase;
			buildActionMask = 2147483647;
			files = (
			);
			runOnlyForDeploymentPostprocessing = 0;
		};
/* End PBXFrameworksBuildPhase section */

/* Begin PBXGroup section */
		462E572A1E37955A00A79659 = {
			isa = PBXGroup;
			children = (
				462E57351E37955A00A79659 /* DreamLister */,
				462E57341E37955A00A79659 /* Products */,
			);
			sourceTree = "<group>";
		};
		462E57341E37955A00A79659 /* Products */ = {
			isa = PBXGroup;
			children = (
				462E57331E37955A00A79659 /* DreamLister.app */,
			);
			name = Products;
			sourceTree = "<group>";
		};
		462E57351E37955A00A79659 /* DreamLister */ = {
			isa = PBXGroup;
			children = (
				462E577D1E379D1300A79659 /* Model */,
				462E57801E379D5100A79659 /* View */,
				462E577F1E379D4200A79659 /* Controller */,
				462E57361E37955B00A79659 /* AppDelegate.swift */,
				462E573A1E37955B00A79659 /* Main.storyboard */,
				462E57401E37955B00A79659 /* Assets.xcassets */,
				462E57421E37955B00A79659 /* LaunchScreen.storyboard */,
				462E57451E37955B00A79659 /* Info.plist */,
				462E573D1E37955B00A79659 /* DreamLister.xcdatamodeld */,
			);
			path = DreamLister;
			sourceTree = "<group>";
		};
		462E577D1E379D1300A79659 /* Model */ = {
			isa = PBXGroup;
			children = (
				462E576D1E379CF900A79659 /* ItemType+CoreDataClass.swift */,
				462E576F1E379CF900A79659 /* Image+CoreDataClass.swift */,
				462E57711E379CF900A79659 /* Store+CoreDataClass.swift */,
				462E57731E379CF900A79659 /* Item+CoreDataClass.swift */,
				462E577E1E379D2700A79659 /* Generated */,
			);
			name = Model;
			sourceTree = "<group>";
		};
		462E577E1E379D2700A79659 /* Generated */ = {
			isa = PBXGroup;
			children = (
				462E576E1E379CF900A79659 /* ItemType+CoreDataProperties.swift */,
				462E57701E379CF900A79659 /* Image+CoreDataProperties.swift */,
				462E57721E379CF900A79659 /* Store+CoreDataProperties.swift */,
				462E57741E379CF900A79659 /* Item+CoreDataProperties.swift */,
			);
			name = Generated;
			sourceTree = "<group>";
		};
		462E577F1E379D4200A79659 /* Controller */ = {
			isa = PBXGroup;
			children = (
			);
			name = Controller;
			sourceTree = "<group>";
		};
		462E57801E379D5100A79659 /* View */ = {
			isa = PBXGroup;
			children = (
				462E57381E37955B00A79659 /* ViewController.swift */,
			);
			name = View;
			sourceTree = "<group>";
		};
/* End PBXGroup section */

/* Begin PBXNativeTarget section */
		462E57321E37955A00A79659 /* DreamLister */ = {
			isa = PBXNativeTarget;
			buildConfigurationList = 462E57481E37955B00A79659 /* Build configuration list for PBXNativeTarget "DreamLister" */;
			buildPhases = (
				462E572F1E37955A00A79659 /* Sources */,
				462E57301E37955A00A79659 /* Frameworks */,
				462E57311E37955A00A79659 /* Resources */,
			);
			buildRules = (
			);
			dependencies = (
			);
			name = DreamLister;
			productName = DreamLister;
			productReference = 462E57331E37955A00A79659 /* DreamLister.app */;
			productType = "com.apple.product-type.application";
		};
/* End PBXNativeTarget section */

/* Begin PBXProject section */
		462E572B1E37955A00A79659 /* Project object */ = {
			isa = PBXProject;
			attributes = {
				LastSwiftUpdateCheck = 0820;
				LastUpgradeCheck = 0820;
				ORGANIZATIONNAME = "Giorgi Ghughunishvili";
				TargetAttributes = {
					462E57321E37955A00A79659 = {
						CreatedOnToolsVersion = 8.2.1;
						DevelopmentTeam = T5GD9C4K72;
						ProvisioningStyle = Automatic;
					};
				};
			};
			buildConfigurationList = 462E572E1E37955A00A79659 /* Build configuration list for PBXProject "DreamLister" */;
			compatibilityVersion = "Xcode 3.2";
			developmentRegion = English;
			hasScannedForEncodings = 0;
			knownRegions = (
				en,
				Base,
			);
			mainGroup = 462E572A1E37955A00A79659;
			productRefGroup = 462E57341E37955A00A79659 /* Products */;
			projectDirPath = "";
			projectRoot = "";
			targets = (
				462E57321E37955A00A79659 /* DreamLister */,
			);
		};
/* End PBXProject section */

/* Begin PBXResourcesBuildPhase section */
		462E57311E37955A00A79659 /* Resources */ = {
			isa = PBXResourcesBuildPhase;
			buildActionMask = 2147483647;
			files = (
				462E57441E37955B00A79659 /* LaunchScreen.storyboard in Resources */,
				462E57411E37955B00A79659 /* Assets.xcassets in Resources */,
				462E573C1E37955B00A79659 /* Main.storyboard in Resources */,
			);
			runOnlyForDeploymentPostprocessing = 0;
		};
/* End PBXResourcesBuildPhase section */

/* Begin PBXSourcesBuildPhase section */
		462E572F1E37955A00A79659 /* Sources */ = {
			isa = PBXSourcesBuildPhase;
			buildActionMask = 2147483647;
			files = (
				462E577B1E379CF900A79659 /* Item+CoreDataClass.swift in Sources */,
				462E57751E379CF900A79659 /* ItemType+CoreDataClass.swift in Sources */,
				462E57761E379CF900A79659 /* ItemType+CoreDataProperties.swift in Sources */,
				462E57391E37955B00A79659 /* ViewController.swift in Sources */,
				462E57771E379CF900A79659 /* Image+CoreDataClass.swift in Sources */,
				462E577A1E379CF900A79659 /* Store+CoreDataProperties.swift in Sources */,
				462E57371E37955B00A79659 /* AppDelegate.swift in Sources */,
				462E57791E379CF900A79659 /* Store+CoreDataClass.swift in Sources */,
				462E573F1E37955B00A79659 /* DreamLister.xcdatamodeld in Sources */,
				462E577C1E379CF900A79659 /* Item+CoreDataProperties.swift in Sources */,
				462E57781E379CF900A79659 /* Image+CoreDataProperties.swift in Sources */,
			);
			runOnlyForDeploymentPostprocessing = 0;
		};
/* End PBXSourcesBuildPhase section */

/* Begin PBXVariantGroup section */
		462E573A1E37955B00A79659 /* Main.storyboard */ = {
			isa = PBXVariantGroup;
			children = (
				462E573B1E37955B00A79659 /* Base */,
			);
			name = Main.storyboard;
			sourceTree = "<group>";
		};
		462E57421E37955B00A79659 /* LaunchScreen.storyboard */ = {
			isa = PBXVariantGroup;
			children = (
				462E57431E37955B00A79659 /* Base */,
			);
			name = LaunchScreen.storyboard;
			sourceTree = "<group>";
		};
/* End PBXVariantGroup section */

/* Begin XCBuildConfiguration section */
		462E57461E37955B00A79659 /* Debug */ = {
			isa = XCBuildConfiguration;
			buildSettings = {
				ALWAYS_SEARCH_USER_PATHS = NO;
				CLANG_ANALYZER_NONNULL = YES;
				CLANG_CXX_LANGUAGE_STANDARD = "gnu++0x";
				CLANG_CXX_LIBRARY = "libc++";
				CLANG_ENABLE_MODULES = YES;
				CLANG_ENABLE_OBJC_ARC = YES;
				CLANG_WARN_BOOL_CONVERSION = YES;
				CLANG_WARN_CONSTANT_CONVERSION = YES;
				CLANG_WARN_DIRECT_OBJC_ISA_USAGE = YES_ERROR;
				CLANG_WARN_DOCUMENTATION_COMMENTS = YES;
				CLANG_WARN_EMPTY_BODY = YES;
				CLANG_WARN_ENUM_CONVERSION = YES;
				CLANG_WARN_INFINITE_RECURSION = YES;
				CLANG_WARN_INT_CONVERSION = YES;
				CLANG_WARN_OBJC_ROOT_CLASS = YES_ERROR;
				CLANG_WARN_SUSPICIOUS_MOVE = YES;
				CLANG_WARN_UNREACHABLE_CODE = YES;
				CLANG_WARN__DUPLICATE_METHOD_MATCH = YES;
				"CODE_SIGN_IDENTITY[sdk=iphoneos*]" = "iPhone Developer";
				COPY_PHASE_STRIP = NO;
				DEBUG_INFORMATION_FORMAT = dwarf;
				ENABLE_STRICT_OBJC_MSGSEND = YES;
				ENABLE_TESTABILITY = YES;
				GCC_C_LANGUAGE_STANDARD = gnu99;
				GCC_DYNAMIC_NO_PIC = NO;
				GCC_NO_COMMON_BLOCKS = YES;
				GCC_OPTIMIZATION_LEVEL = 0;
				GCC_PREPROCESSOR_DEFINITIONS = (
					"DEBUG=1",
					"$(inherited)",
				);
				GCC_WARN_64_TO_32_BIT_CONVERSION = YES;
				GCC_WARN_ABOUT_RETURN_TYPE = YES_ERROR;
				GCC_WARN_UNDECLARED_SELECTOR = YES;
				GCC_WARN_UNINITIALIZED_AUTOS = YES_AGGRESSIVE;
				GCC_WARN_UNUSED_FUNCTION = YES;
				GCC_WARN_UNUSED_VARIABLE = YES;
				IPHONEOS_DEPLOYMENT_TARGET = 10.2;
				MTL_ENABLE_DEBUG_INFO = YES;
				ONLY_ACTIVE_ARCH = YES;
				SDKROOT = iphoneos;
				SWIFT_ACTIVE_COMPILATION_CONDITIONS = DEBUG;
				SWIFT_OPTIMIZATION_LEVEL = "-Onone";
			};
			name = Debug;
		};
		462E57471E37955B00A79659 /* Release */ = {
			isa = XCBuildConfiguration;
			buildSettings = {
				ALWAYS_SEARCH_USER_PATHS = NO;
				CLANG_ANALYZER_NONNULL = YES;
				CLANG_CXX_LANGUAGE_STANDARD = "gnu++0x";
				CLANG_CXX_LIBRARY = "libc++";
				CLANG_ENABLE_MODULES = YES;
				CLANG_ENABLE_OBJC_ARC = YES;
				CLANG_WARN_BOOL_CONVERSION = YES;
				CLANG_WARN_CONSTANT_CONVERSION = YES;
				CLANG_WARN_DIRECT_OBJC_ISA_USAGE = YES_ERROR;
				CLANG_WARN_DOCUMENTATION_COMMENTS = YES;
				CLANG_WARN_EMPTY_BODY = YES;
				CLANG_WARN_ENUM_CONVERSION = YES;
				CLANG_WARN_INFINITE_RECURSION = YES;
				CLANG_WARN_INT_CONVERSION = YES;
				CLANG_WARN_OBJC_ROOT_CLASS = YES_ERROR;
				CLANG_WARN_SUSPICIOUS_MOVE = YES;
				CLANG_WARN_UNREACHABLE_CODE = YES;
				CLANG_WARN__DUPLICATE_METHOD_MATCH = YES;
				"CODE_SIGN_IDENTITY[sdk=iphoneos*]" = "iPhone Developer";
				COPY_PHASE_STRIP = NO;
				DEBUG_INFORMATION_FORMAT = "dwarf-with-dsym";
				ENABLE_NS_ASSERTIONS = NO;
				ENABLE_STRICT_OBJC_MSGSEND = YES;
				GCC_C_LANGUAGE_STANDARD = gnu99;
				GCC_NO_COMMON_BLOCKS = YES;
				GCC_WARN_64_TO_32_BIT_CONVERSION = YES;
				GCC_WARN_ABOUT_RETURN_TYPE = YES_ERROR;
				GCC_WARN_UNDECLARED_SELECTOR = YES;
				GCC_WARN_UNINITIALIZED_AUTOS = YES_AGGRESSIVE;
				GCC_WARN_UNUSED_FUNCTION = YES;
				GCC_WARN_UNUSED_VARIABLE = YES;
				IPHONEOS_DEPLOYMENT_TARGET = 10.2;
				MTL_ENABLE_DEBUG_INFO = NO;
				SDKROOT = iphoneos;
				SWIFT_OPTIMIZATION_LEVEL = "-Owholemodule";
				VALIDATE_PRODUCT = YES;
			};
			name = Release;
		};
		462E57491E37955B00A79659 /* Debug */ = {
			isa = XCBuildConfiguration;
			buildSettings = {
				ASSETCATALOG_COMPILER_APPICON_NAME = AppIcon;
				DEVELOPMENT_TEAM = T5GD9C4K72;
				INFOPLIST_FILE = DreamLister/Info.plist;
				LD_RUNPATH_SEARCH_PATHS = "$(inherited) @executable_path/Frameworks";
				PRODUCT_BUNDLE_IDENTIFIER = com.gghughunishvili.DreamLister;
				PRODUCT_NAME = "$(TARGET_NAME)";
				SWIFT_VERSION = 3.0;
			};
			name = Debug;
		};
		462E574A1E37955B00A79659 /* Release */ = {
			isa = XCBuildConfiguration;
			buildSettings = {
				ASSETCATALOG_COMPILER_APPICON_NAME = AppIcon;
				DEVELOPMENT_TEAM = T5GD9C4K72;
				INFOPLIST_FILE = DreamLister/Info.plist;
				LD_RUNPATH_SEARCH_PATHS = "$(inherited) @executable_path/Frameworks";
				PRODUCT_BUNDLE_IDENTIFIER = com.gghughunishvili.DreamLister;
				PRODUCT_NAME = "$(TARGET_NAME)";
				SWIFT_VERSION = 3.0;
			};
			name = Release;
		};
/* End XCBuildConfiguration section */

/* Begin XCConfigurationList section */
		462E572E1E37955A00A79659 /* Build configuration list for PBXProject "DreamLister" */ = {
			isa = XCConfigurationList;
			buildConfigurations = (
				462E57461E37955B00A79659 /* Debug */,
				462E57471E37955B00A79659 /* Release */,
			);
			defaultConfigurationIsVisible = 0;
			defaultConfigurationName = Release;
		};
		462E57481E37955B00A79659 /* Build configuration list for PBXNativeTarget "DreamLister" */ = {
			isa = XCConfigurationList;
			buildConfigurations = (
				462E57491E37955B00A79659 /* Debug */,
				462E574A1E37955B00A79659 /* Release */,
			);
			defaultConfigurationIsVisible = 0;
		};
/* End XCConfigurationList section */

/* Begin XCVersionGroup section */
		462E573D1E37955B00A79659 /* DreamLister.xcdatamodeld */ = {
			isa = XCVersionGroup;
			children = (
				462E573E1E37955B00A79659 /* DreamLister.xcdatamodel */,
			);
			currentVersion = 462E573E1E37955B00A79659 /* DreamLister.xcdatamodel */;
			path = DreamLister.xcdatamodeld;
			sourceTree = "<group>";
			versionGroupType = wrapper.xcdatamodel;
		};
/* End XCVersionGroup section */
	};
	rootObject = 462E572B1E37955A00A79659 /* Project object */;
}
